// !$*UTF8*$!
{
	archiveVersion = 1;
	classes = {
	};
	objectVersion = 50;
	objects = {

/* Begin PBXBuildFile section */
		7019F32E23A4AE8A0018FAEC /* AppDelegate.swift in Sources */ = {isa = PBXBuildFile; fileRef = 7019F32D23A4AE8A0018FAEC /* AppDelegate.swift */; };
		7019F33023A4AE8A0018FAEC /* SceneDelegate.swift in Sources */ = {isa = PBXBuildFile; fileRef = 7019F32F23A4AE8A0018FAEC /* SceneDelegate.swift */; };
		7019F33223A4AE8A0018FAEC /* ViewController.swift in Sources */ = {isa = PBXBuildFile; fileRef = 7019F33123A4AE8A0018FAEC /* ViewController.swift */; };
		7019F33523A4AE8A0018FAEC /* Main.storyboard in Resources */ = {isa = PBXBuildFile; fileRef = 7019F33323A4AE8A0018FAEC /* Main.storyboard */; };
		7019F33723A4AE8B0018FAEC /* Assets.xcassets in Resources */ = {isa = PBXBuildFile; fileRef = 7019F33623A4AE8B0018FAEC /* Assets.xcassets */; };
		7019F33A23A4AE8B0018FAEC /* LaunchScreen.storyboard in Resources */ = {isa = PBXBuildFile; fileRef = 7019F33823A4AE8B0018FAEC /* LaunchScreen.storyboard */; };
/* End PBXBuildFile section */

/* Begin PBXFileReference section */
		7019F32A23A4AE8A0018FAEC /* hellofirebase02.app */ = {isa = PBXFileReference; explicitFileType = wrapper.application; includeInIndex = 0; path = hellofirebase02.app; sourceTree = BUILT_PRODUCTS_DIR; };
		7019F32D23A4AE8A0018FAEC /* AppDelegate.swift */ = {isa = PBXFileReference; lastKnownFileType = sourcecode.swift; path = AppDelegate.swift; sourceTree = "<group>"; };
		7019F32F23A4AE8A0018FAEC /* SceneDelegate.swift */ = {isa = PBXFileReference; lastKnownFileType = sourcecode.swift; path = SceneDelegate.swift; sourceTree = "<group>"; };
		7019F33123A4AE8A0018FAEC /* ViewController.swift */ = {isa = PBXFileReference; lastKnownFileType = sourcecode.swift; path = ViewController.swift; sourceTree = "<group>"; };
		7019F33423A4AE8A0018FAEC /* Base */ = {isa = PBXFileReference; lastKnownFileType = file.storyboard; name = Base; path = Base.lproj/Main.storyboard; sourceTree = "<group>"; };
		7019F33623A4AE8B0018FAEC /* Assets.xcassets */ = {isa = PBXFileReference; lastKnownFileType = folder.assetcatalog; path = Assets.xcassets; sourceTree = "<group>"; };
		7019F33923A4AE8B0018FAEC /* Base */ = {isa = PBXFileReference; lastKnownFileType = file.storyboard; name = Base; path = Base.lproj/LaunchScreen.storyboard; sourceTree = "<group>"; };
		7019F33B23A4AE8B0018FAEC /* Info.plist */ = {isa = PBXFileReference; lastKnownFileType = text.plist.xml; path = Info.plist; sourceTree = "<group>"; };
/* End PBXFileReference section */

/* Begin PBXFrameworksBuildPhase section */
		7019F32723A4AE8A0018FAEC /* Frameworks */ = {
			isa = PBXFrameworksBuildPhase;
			buildActionMask = 2147483647;
			files = (
			);
			runOnlyForDeploymentPostprocessing = 0;
		};
/* End PBXFrameworksBuildPhase section */

/* Begin PBXGroup section */
		7019F32123A4AE8A0018FAEC = {
			isa = PBXGroup;
			children = (
				7019F32C23A4AE8A0018FAEC /* hellofirebase02 */,
				7019F32B23A4AE8A0018FAEC /* Products */,
			);
			sourceTree = "<group>";
		};
		7019F32B23A4AE8A0018FAEC /* Products */ = {
			isa = PBXGroup;
			children = (
				7019F32A23A4AE8A0018FAEC /* hellofirebase02.app */,
			);
			name = Products;
			sourceTree = "<group>";
		};
		7019F32C23A4AE8A0018FAEC /* hellofirebase02 */ = {
			isa = PBXGroup;
			children = (
				7019F32D23A4AE8A0018FAEC /* AppDelegate.swift */,
				7019F32F23A4AE8A0018FAEC /* SceneDelegate.swift */,
				7019F33123A4AE8A0018FAEC /* ViewController.swift */,
				7019F33323A4AE8A0018FAEC /* Main.storyboard */,
				7019F33623A4AE8B0018FAEC /* Assets.xcassets */,
				7019F33823A4AE8B0018FAEC /* LaunchScreen.storyboard */,
				7019F33B23A4AE8B0018FAEC /* Info.plist */,
			);
			path = hellofirebase02;
			sourceTree = "<group>";
		};
/* End PBXGroup section */

/* Begin PBXNativeTarget section */
		7019F32923A4AE8A0018FAEC /* hellofirebase02 */ = {
			isa = PBXNativeTarget;
			buildConfigurationList = 7019F33E23A4AE8B0018FAEC /* Build configuration list for PBXNativeTarget "hellofirebase02" */;
			buildPhases = (
				7019F32623A4AE8A0018FAEC /* Sources */,
				7019F32723A4AE8A0018FAEC /* Frameworks */,
				7019F32823A4AE8A0018FAEC /* Resources */,
			);
			buildRules = (
			);
			dependencies = (
			);
			name = hellofirebase02;
			productName = hellofirebase02;
			productReference = 7019F32A23A4AE8A0018FAEC /* hellofirebase02.app */;
			productType = "com.apple.product-type.application";
		};
/* End PBXNativeTarget section */

/* Begin PBXProject section */
		7019F32223A4AE8A0018FAEC /* Project object */ = {
			isa = PBXProject;
			attributes = {
				LastSwiftUpdateCheck = 1130;
				LastUpgradeCheck = 1130;
				ORGANIZATIONNAME = "蔡明哲";
				TargetAttributes = {
					7019F32923A4AE8A0018FAEC = {
						CreatedOnToolsVersion = 11.3;
					};
				};
			};
			buildConfigurationList = 7019F32523A4AE8A0018FAEC /* Build configuration list for PBXProject "hellofirebase02" */;
			compatibilityVersion = "Xcode 9.3";
			developmentRegion = en;
			hasScannedForEncodings = 0;
			knownRegions = (
				en,
				Base,
			);
			mainGroup = 7019F32123A4AE8A0018FAEC;
			productRefGroup = 7019F32B23A4AE8A0018FAEC /* Products */;
			projectDirPath = "";
			projectRoot = "";
			targets = (
				7019F32923A4AE8A0018FAEC /* hellofirebase02 */,
			);
		};
/* End PBXProject section */

/* Begin PBXResourcesBuildPhase section */
		7019F32823A4AE8A0018FAEC /* Resources */ = {
			isa = PBXResourcesBuildPhase;
			buildActionMask = 2147483647;
			files = (
				7019F33A23A4AE8B0018FAEC /* LaunchScreen.storyboard in Resources */,
				7019F33723A4AE8B0018FAEC /* Assets.xcassets in Resources */,
				7019F33523A4AE8A0018FAEC /* Main.storyboard in Resources */,
			);
			runOnlyForDeploymentPostprocessing = 0;
		};
/* End PBXResourcesBuildPhase section */

/* Begin PBXSourcesBuildPhase section */
		7019F32623A4AE8A0018FAEC /* Sources */ = {
			isa = PBXSourcesBuildPhase;
			buildActionMask = 2147483647;
			files = (
				7019F33223A4AE8A0018FAEC /* ViewController.swift in Sources */,
				7019F32E23A4AE8A0018FAEC /* AppDelegate.swift in Sources */,
				7019F33023A4AE8A0018FAEC /* SceneDelegate.swift in Sources */,
			);
			runOnlyForDeploymentPostprocessing = 0;
		};
/* End PBXSourcesBuildPhase section */

/* Begin PBXVariantGroup section */
		7019F33323A4AE8A0018FAEC /* Main.storyboard */ = {
			isa = PBXVariantGroup;
			children = (
				7019F33423A4AE8A0018FAEC /* Base */,
			);
			name = Main.storyboard;
			sourceTree = "<group>";
		};
		7019F33823A4AE8B0018FAEC /* LaunchScreen.storyboard */ = {
			isa = PBXVariantGroup;
			children = (
				7019F33923A4AE8B0018FAEC /* Base */,
			);
			name = LaunchScreen.storyboard;
			sourceTree = "<group>";
		};
/* End PBXVariantGroup section */

/* Begin XCBuildConfiguration section */
		7019F33C23A4AE8B0018FAEC /* Debug */ = {
			isa = XCBuildConfiguration;
			buildSettings = {
				ALWAYS_SEARCH_USER_PATHS = NO;
				CLANG_ANALYZER_NONNULL = YES;
				CLANG_ANALYZER_NUMBER_OBJECT_CONVERSION = YES_AGGRESSIVE;
				CLANG_CXX_LANGUAGE_STANDARD = "gnu++14";
				CLANG_CXX_LIBRARY = "libc++";
				CLANG_ENABLE_MODULES = YES;
				CLANG_ENABLE_OBJC_ARC = YES;
				CLANG_ENABLE_OBJC_WEAK = YES;
				CLANG_WARN_BLOCK_CAPTURE_AUTORELEASING = YES;
				CLANG_WARN_BOOL_CONVERSION = YES;
				CLANG_WARN_COMMA = YES;
				CLANG_WARN_CONSTANT_CONVERSION = YES;
				CLANG_WARN_DEPRECATED_OBJC_IMPLEMENTATIONS = YES;
				CLANG_WARN_DIRECT_OBJC_ISA_USAGE = YES_ERROR;
				CLANG_WARN_DOCUMENTATION_COMMENTS = YES;
				CLANG_WARN_EMPTY_BODY = YES;
				CLANG_WARN_ENUM_CONVERSION = YES;
				CLANG_WARN_INFINITE_RECURSION = YES;
				CLANG_WARN_INT_CONVERSION = YES;
				CLANG_WARN_NON_LITERAL_NULL_CONVERSION = YES;
				CLANG_WARN_OBJC_IMPLICIT_RETAIN_SELF = YES;
				CLANG_WARN_OBJC_LITERAL_CONVERSION = YES;
				CLANG_WARN_OBJC_ROOT_CLASS = YES_ERROR;
				CLANG_WARN_RANGE_LOOP_ANALYSIS = YES;
				CLANG_WARN_STRICT_PROTOTYPES = YES;
				CLANG_WARN_SUSPICIOUS_MOVE = YES;
				CLANG_WARN_UNGUARDED_AVAILABILITY = YES_AGGRESSIVE;
				CLANG_WARN_UNREACHABLE_CODE = YES;
				CLANG_WARN__DUPLICATE_METHOD_MATCH = YES;
				COPY_PHASE_STRIP = NO;
				DEBUG_INFORMATION_FORMAT = dwarf;
				ENABLE_STRICT_OBJC_MSGSEND = YES;
				ENABLE_TESTABILITY = YES;
				GCC_C_LANGUAGE_STANDARD = gnu11;
				GCC_DYNAMIC_NO_PIC = NO;
				GCC_NO_COMMON_BLOCKS = YES;
				GCC_OPTIMIZATION_LEVEL = 0;
				GCC_PREPROCESSOR_DEFINITIONS = (
					"DEBUG=1",
					"$(inherited)",
				);
				GCC_WARN_64_TO_32_BIT_CONVERSION = YES;
				GCC_WARN_ABOUT_RETURN_TYPE = YES_ERROR;
				GCC_WARN_UNDECLARED_SELECTOR = YES;
				GCC_WARN_UNINITIALIZED_AUTOS = YES_AGGRESSIVE;
				GCC_WARN_UNUSED_FUNCTION = YES;
				GCC_WARN_UNUSED_VARIABLE = YES;
				IPHONEOS_DEPLOYMENT_TARGET = 13.2;
				MTL_ENABLE_DEBUG_INFO = INCLUDE_SOURCE;
				MTL_FAST_MATH = YES;
				ONLY_ACTIVE_ARCH = YES;
				SDKROOT = iphoneos;
				SWIFT_ACTIVE_COMPILATION_CONDITIONS = DEBUG;
				SWIFT_OPTIMIZATION_LEVEL = "-Onone";
			};
			name = Debug;
		};
		7019F33D23A4AE8B0018FAEC /* Release */ = {
			isa = XCBuildConfiguration;
			buildSettings = {
				ALWAYS_SEARCH_USER_PATHS = NO;
				CLANG_ANALYZER_NONNULL = YES;
				CLANG_ANALYZER_NUMBER_OBJECT_CONVERSION = YES_AGGRESSIVE;
				CLANG_CXX_LANGUAGE_STANDARD = "gnu++14";
				CLANG_CXX_LIBRARY = "libc++";
				CLANG_ENABLE_MODULES = YES;
				CLANG_ENABLE_OBJC_ARC = YES;
				CLANG_ENABLE_OBJC_WEAK = YES;
				CLANG_WARN_BLOCK_CAPTURE_AUTORELEASING = YES;
				CLANG_WARN_BOOL_CONVERSION = YES;
				CLANG_WARN_COMMA = YES;
				CLANG_WARN_CONSTANT_CONVERSION = YES;
				CLANG_WARN_DEPRECATED_OBJC_IMPLEMENTATIONS = YES;
				CLANG_WARN_DIRECT_OBJC_ISA_USAGE = YES_ERROR;
				CLANG_WARN_DOCUMENTATION_COMMENTS = YES;
				CLANG_WARN_EMPTY_BODY = YES;
				CLANG_WARN_ENUM_CONVERSION = YES;
				CLANG_WARN_INFINITE_RECURSION = YES;
				CLANG_WARN_INT_CONVERSION = YES;
				CLANG_WARN_NON_LITERAL_NULL_CONVERSION = YES;
				CLANG_WARN_OBJC_IMPLICIT_RETAIN_SELF = YES;
				CLANG_WARN_OBJC_LITERAL_CONVERSION = YES;
				CLANG_WARN_OBJC_ROOT_CLASS = YES_ERROR;
				CLANG_WARN_RANGE_LOOP_ANALYSIS = YES;
				CLANG_WARN_STRICT_PROTOTYPES = YES;
				CLANG_WARN_SUSPICIOUS_MOVE = YES;
				CLANG_WARN_UNGUARDED_AVAILABILITY = YES_AGGRESSIVE;
				CLANG_WARN_UNREACHABLE_CODE = YES;
				CLANG_WARN__DUPLICATE_METHOD_MATCH = YES;
				COPY_PHASE_STRIP = NO;
				DEBUG_INFORMATION_FORMAT = "dwarf-with-dsym";
				ENABLE_NS_ASSERTIONS = NO;
				ENABLE_STRICT_OBJC_MSGSEND = YES;
				GCC_C_LANGUAGE_STANDARD = gnu11;
				GCC_NO_COMMON_BLOCKS = YES;
				GCC_WARN_64_TO_32_BIT_CONVERSION = YES;
				GCC_WARN_ABOUT_RETURN_TYPE = YES_ERROR;
				GCC_WARN_UNDECLARED_SELECTOR = YES;
				GCC_WARN_UNINITIALIZED_AUTOS = YES_AGGRESSIVE;
				GCC_WARN_UNUSED_FUNCTION = YES;
				GCC_WARN_UNUSED_VARIABLE = YES;
				IPHONEOS_DEPLOYMENT_TARGET = 13.2;
				MTL_ENABLE_DEBUG_INFO = NO;
				MTL_FAST_MATH = YES;
				SDKROOT = iphoneos;
				SWIFT_COMPILATION_MODE = wholemodule;
				SWIFT_OPTIMIZATION_LEVEL = "-O";
				VALIDATE_PRODUCT = YES;
			};
			name = Release;
		};
		7019F33F23A4AE8B0018FAEC /* Debug */ = {
			isa = XCBuildConfiguration;
			buildSettings = {
				ASSETCATALOG_COMPILER_APPICON_NAME = AppIcon;
				CODE_SIGN_STYLE = Automatic;
				DEVELOPMENT_TEAM = 6C5F5V2MTV;
				INFOPLIST_FILE = hellofirebase02/Info.plist;
				LD_RUNPATH_SEARCH_PATHS = (
					"$(inherited)",
					"@executable_path/Frameworks",
				);
				PRODUCT_BUNDLE_IDENTIFIER = xxc.sjw.hellofirebase02;
				PRODUCT_NAME = "$(TARGET_NAME)";
				SWIFT_VERSION = 5.0;
				TARGETED_DEVICE_FAMILY = "1,2";
			};
			name = Debug;
		};
		7019F34023A4AE8B0018FAEC /* Release */ = {
			isa = XCBuildConfiguration;
			buildSettings = {
				ASSETCATALOG_COMPILER_APPICON_NAME = AppIcon;
				CODE_SIGN_STYLE = Automatic;
				DEVELOPMENT_TEAM = 6C5F5V2MTV;
				INFOPLIST_FILE = hellofirebase02/Info.plist;
				LD_RUNPATH_SEARCH_PATHS = (
					"$(inherited)",
					"@executable_path/Frameworks",
				);
				PRODUCT_BUNDLE_IDENTIFIER = xxc.sjw.hellofirebase02;
				PRODUCT_NAME = "$(TARGET_NAME)";
				SWIFT_VERSION = 5.0;
				TARGETED_DEVICE_FAMILY = "1,2";
			};
			name = Release;
		};
/* End XCBuildConfiguration section */

/* Begin XCConfigurationList section */
		7019F32523A4AE8A0018FAEC /* Build configuration list for PBXProject "hellofirebase02" */ = {
			isa = XCConfigurationList;
			buildConfigurations = (
				7019F33C23A4AE8B0018FAEC /* Debug */,
				7019F33D23A4AE8B0018FAEC /* Release */,
			);
			defaultConfigurationIsVisible = 0;
			defaultConfigurationName = Release;
		};
		7019F33E23A4AE8B0018FAEC /* Build configuration list for PBXNativeTarget "hellofirebase02" */ = {
			isa = XCConfigurationList;
			buildConfigurations = (
				7019F33F23A4AE8B0018FAEC /* Debug */,
				7019F34023A4AE8B0018FAEC /* Release */,
			);
			defaultConfigurationIsVisible = 0;
			defaultConfigurationName = Release;
		};
/* End XCConfigurationList section */
	};
	rootObject = 7019F32223A4AE8A0018FAEC /* Project object */;
}
